// !$*UTF8*$!
{
	archiveVersion = 1;
	classes = {
	};
	objectVersion = 77;
	objects = {

/* Begin PBXBuildFile section */
		C0FE00000000000000000001 /* CurfewWidget.appex in Embed App Extensions */ = {isa = PBXBuildFile; fileRef = C0FE00000000000000000004 /* CurfewWidget.appex */; settings = {ATTRIBUTES = (CodeSignOnCopy, RemoveHeadersOnCopy, ); }; };
		C0FE00000000000000000002 /* WidgetSharedStateStore.swift in Sources */ = {isa = PBXBuildFile; fileRef = C0FE0000000000000000000A /* WidgetSharedStateStore.swift */; };
		C0FE00000000000000000040 /* CurfewWidget.swift in Sources */ = {isa = PBXBuildFile; fileRef = C0FE00000000000000000014 /* CurfewWidget.swift */; };
		C0FE00000000000000000041 /* CurfewWidgetEntry.swift in Sources */ = {isa = PBXBuildFile; fileRef = C0FE00000000000000000015 /* CurfewWidgetEntry.swift */; };
		C0FE00000000000000000042 /* CurfewWidgetProvider.swift in Sources */ = {isa = PBXBuildFile; fileRef = C0FE00000000000000000016 /* CurfewWidgetProvider.swift */; };
		C0FE00000000000000000043 /* CurfewWidgetView.swift in Sources */ = {isa = PBXBuildFile; fileRef = C0FE00000000000000000017 /* CurfewWidgetView.swift */; };
/* End PBXBuildFile section */

/* Begin PBXContainerItemProxy section */
		9BD3FB922F4D4587007B2E95 /* PBXContainerItemProxy */ = {
			isa = PBXContainerItemProxy;
			containerPortal = 9BD3FB7A2F4D4584007B2E95 /* Project object */;
			proxyType = 1;
			remoteGlobalIDString = 9BD3FB812F4D4584007B2E95;
			remoteInfo = Curfew;
		};
		9BD3FB9C2F4D4587007B2E95 /* PBXContainerItemProxy */ = {
			isa = PBXContainerItemProxy;
			containerPortal = 9BD3FB7A2F4D4584007B2E95 /* Project object */;
			proxyType = 1;
			remoteGlobalIDString = 9BD3FB812F4D4584007B2E95;
			remoteInfo = Curfew;
		};
		C0FE0000000000000000000E /* PBXContainerItemProxy */ = {
			isa = PBXContainerItemProxy;
			containerPortal = 9BD3FB7A2F4D4584007B2E95 /* Project object */;
			proxyType = 1;
			remoteGlobalIDString = C0FE0000000000000000000C;
			remoteInfo = CurfewWidget;
		};
/* End PBXContainerItemProxy section */

/* Begin PBXCopyFilesBuildPhase section */
		C0FE00000000000000000003 /* Embed App Extensions */ = {
			isa = PBXCopyFilesBuildPhase;
			buildActionMask = 2147483647;
			dstPath = "";
			dstSubfolderSpec = 13;
			files = (
				C0FE00000000000000000001 /* CurfewWidget.appex in Embed App Extensions */,
			);
			name = "Embed App Extensions";
			runOnlyForDeploymentPostprocessing = 0;
		};
/* End PBXCopyFilesBuildPhase section */

/* Begin PBXFileReference section */
		9BD3FB822F4D4584007B2E95 /* Curfew.app */ = {isa = PBXFileReference; explicitFileType = wrapper.application; includeInIndex = 0; path = Curfew.app; sourceTree = BUILT_PRODUCTS_DIR; };
		9BD3FB912F4D4587007B2E95 /* CurfewTests.xctest */ = {isa = PBXFileReference; explicitFileType = wrapper.cfbundle; includeInIndex = 0; path = CurfewTests.xctest; sourceTree = BUILT_PRODUCTS_DIR; };
		9BD3FB9B2F4D4587007B2E95 /* CurfewUITests.xctest */ = {isa = PBXFileReference; explicitFileType = wrapper.cfbundle; includeInIndex = 0; path = CurfewUITests.xctest; sourceTree = BUILT_PRODUCTS_DIR; };
		C0FE00000000000000000004 /* CurfewWidget.appex */ = {isa = PBXFileReference; explicitFileType = "wrapper.app-extension"; includeInIndex = 0; path = CurfewWidget.appex; sourceTree = BUILT_PRODUCTS_DIR; };
		C0FE0000000000000000000A /* WidgetSharedStateStore.swift */ = {isa = PBXFileReference; lastKnownFileType = sourcecode.swift; path = Curfew/App/Infrastructure/WidgetSharedStateStore.swift; sourceTree = "<group>"; };
		C0FE00000000000000000014 /* CurfewWidget.swift */ = {isa = PBXFileReference; lastKnownFileType = sourcecode.swift; path = CurfewWidget.swift; sourceTree = "<group>"; };
		C0FE00000000000000000015 /* CurfewWidgetEntry.swift */ = {isa = PBXFileReference; lastKnownFileType = sourcecode.swift; path = CurfewWidgetEntry.swift; sourceTree = "<group>"; };
		C0FE00000000000000000016 /* CurfewWidgetProvider.swift */ = {isa = PBXFileReference; lastKnownFileType = sourcecode.swift; path = CurfewWidgetProvider.swift; sourceTree = "<group>"; };
		C0FE00000000000000000017 /* CurfewWidgetView.swift */ = {isa = PBXFileReference; lastKnownFileType = sourcecode.swift; path = CurfewWidgetView.swift; sourceTree = "<group>"; };
		C0FE00000000000000000018 /* Info.plist */ = {isa = PBXFileReference; lastKnownFileType = text.plist.xml; path = Info.plist; sourceTree = "<group>"; };
		C0FE00000000000000000019 /* CurfewWidget.entitlements */ = {isa = PBXFileReference; lastKnownFileType = text.plist.entitlements; path = CurfewWidget.entitlements; sourceTree = "<group>"; };
		C0FE0000000000000000001E /* CurfewWidget-Debug.entitlements */ = {isa = PBXFileReference; lastKnownFileType = text.plist.entitlements; path = CurfewWidget-Debug.entitlements; sourceTree = "<group>"; };
/* End PBXFileReference section */

/* Begin PBXFileSystemSynchronizedRootGroup section */
		1F56E9B021971B57F3DE957D /* CurfewWidget */ = {
			isa = PBXFileSystemSynchronizedRootGroup;
			exceptions = (
			);
			path = CurfewWidget;
			sourceTree = "<group>";
		};
		9BD3FB842F4D4584007B2E95 /* Curfew */ = {
			isa = PBXFileSystemSynchronizedRootGroup;
			exceptions = (
			);
			path = Curfew;
			sourceTree = "<group>";
		};
		9BD3FB942F4D4587007B2E95 /* CurfewTests */ = {
			isa = PBXFileSystemSynchronizedRootGroup;
			exceptions = (
			);
			path = CurfewTests;
			sourceTree = "<group>";
		};
		9BD3FB9E2F4D4587007B2E95 /* CurfewUITests */ = {
			isa = PBXFileSystemSynchronizedRootGroup;
			exceptions = (
			);
			path = CurfewUITests;
			sourceTree = "<group>";
		};
		C0FE00000000000000000007 /* Sources/CurfewKit/Domain */ = {
			isa = PBXFileSystemSynchronizedRootGroup;
			exceptions = (
			);
			path = Sources/CurfewKit/Domain;
			sourceTree = "<group>";
		};
		C0FE00000000000000000008 /* Sources/CurfewKit/Storage */ = {
			isa = PBXFileSystemSynchronizedRootGroup;
			exceptions = (
			);
			path = Sources/CurfewKit/Storage;
			sourceTree = "<group>";
		};
		C0FE00000000000000000009 /* Sources/CurfewKit/Settings */ = {
			isa = PBXFileSystemSynchronizedRootGroup;
			exceptions = (
			);
			path = Sources/CurfewKit/Settings;
			sourceTree = "<group>";
		};
		C0FE00000000000000000060 /* Sources/CurfewKit/MCP */ = {
			isa = PBXFileSystemSynchronizedRootGroup;
			exceptions = (
			);
			path = Sources/CurfewKit/MCP;
			sourceTree = "<group>";
		};
/* End PBXFileSystemSynchronizedRootGroup section */

/* Begin PBXFrameworksBuildPhase section */
		9BD3FB7F2F4D4584007B2E95 /* Frameworks */ = {
			isa = PBXFrameworksBuildPhase;
			buildActionMask = 2147483647;
			files = (
			);
			runOnlyForDeploymentPostprocessing = 0;
		};
		9BD3FB8E2F4D4587007B2E95 /* Frameworks */ = {
			isa = PBXFrameworksBuildPhase;
			buildActionMask = 2147483647;
			files = (
			);
			runOnlyForDeploymentPostprocessing = 0;
		};
		9BD3FB982F4D4587007B2E95 /* Frameworks */ = {
			isa = PBXFrameworksBuildPhase;
			buildActionMask = 2147483647;
			files = (
			);
			runOnlyForDeploymentPostprocessing = 0;
		};
		C0FE0000000000000000000B /* Frameworks */ = {
			isa = PBXFrameworksBuildPhase;
			buildActionMask = 2147483647;
			files = (
			);
			runOnlyForDeploymentPostprocessing = 0;
		};
/* End PBXFrameworksBuildPhase section */

/* Begin PBXGroup section */
		9BD3FB792F4D4584007B2E95 = {
			isa = PBXGroup;
			children = (
				9BD3FB842F4D4584007B2E95 /* Curfew */,
				9BD3FB942F4D4587007B2E95 /* CurfewTests */,
				9BD3FB9E2F4D4587007B2E95 /* CurfewUITests */,
				C0FE00000000000000000005 /* CurfewWidget */,
				C0FE00000000000000000006 /* CurfewWidgetSupport */,
				9BD3FB832F4D4584007B2E95 /* Products */,
				1F56E9B021971B57F3DE957D /* CurfewWidget */,
			);
			sourceTree = "<group>";
		};
		9BD3FB832F4D4584007B2E95 /* Products */ = {
			isa = PBXGroup;
			children = (
				9BD3FB822F4D4584007B2E95 /* Curfew.app */,
				C0FE00000000000000000004 /* CurfewWidget.appex */,
				9BD3FB912F4D4587007B2E95 /* CurfewTests.xctest */,
				9BD3FB9B2F4D4587007B2E95 /* CurfewUITests.xctest */,
			);
			name = Products;
			sourceTree = "<group>";
		};
		C0FE00000000000000000005 /* CurfewWidget */ = {
			isa = PBXGroup;
			children = (
				C0FE00000000000000000014 /* CurfewWidget.swift */,
				C0FE00000000000000000015 /* CurfewWidgetEntry.swift */,
				C0FE00000000000000000016 /* CurfewWidgetProvider.swift */,
				C0FE00000000000000000017 /* CurfewWidgetView.swift */,
				C0FE00000000000000000018 /* Info.plist */,
				C0FE0000000000000000001E /* CurfewWidget-Debug.entitlements */,
				C0FE00000000000000000019 /* CurfewWidget.entitlements */,
			);
			path = CurfewWidget;
			sourceTree = "<group>";
		};
		C0FE00000000000000000006 /* CurfewWidgetSupport */ = {
			isa = PBXGroup;
			children = (
				C0FE00000000000000000007 /* Sources/CurfewKit/Domain */,
				C0FE00000000000000000008 /* Sources/CurfewKit/Storage */,
				C0FE00000000000000000009 /* Sources/CurfewKit/Settings */,
				C0FE0000000000000000000A /* WidgetSharedStateStore.swift */,
			);
			name = CurfewWidgetSupport;
			sourceTree = "<group>";
		};
/* End PBXGroup section */

/* Begin PBXNativeTarget section */
		9BD3FB812F4D4584007B2E95 /* Curfew */ = {
			isa = PBXNativeTarget;
			buildConfigurationList = 9BD3FBA52F4D4587007B2E95 /* Build configuration list for PBXNativeTarget "Curfew" */;
			buildPhases = (
				9BD3FB7E2F4D4584007B2E95 /* Sources */,
				9BD3FB7F2F4D4584007B2E95 /* Frameworks */,
				9BD3FB802F4D4584007B2E95 /* Resources */,
				C0FE00000000000000000003 /* Embed App Extensions */,
				9BD3FBCC2F4D4584007B2E95 /* Bundle CLI Tools */,
				C0FE0000000000000000ABCD /* Require Signed Build */,
			);
			buildRules = (
			);
			dependencies = (
				C0FE00000000000000000010 /* PBXTargetDependency */,
			);
			fileSystemSynchronizedGroups = (
				9BD3FB842F4D4584007B2E95 /* Curfew */,
				C0FE00000000000000000007 /* Sources/CurfewKit/Domain */,
				C0FE00000000000000000008 /* Sources/CurfewKit/Storage */,
				C0FE00000000000000000009 /* Sources/CurfewKit/Settings */,
				C0FE00000000000000000060 /* Sources/CurfewKit/MCP */,
			);
			name = Curfew;
			productName = Curfew;
			productReference = 9BD3FB822F4D4584007B2E95 /* Curfew.app */;
			productType = "com.apple.product-type.application";
		};
		9BD3FB902F4D4587007B2E95 /* CurfewTests */ = {
			isa = PBXNativeTarget;
			buildConfigurationList = 9BD3FBA82F4D4587007B2E95 /* Build configuration list for PBXNativeTarget "CurfewTests" */;
			buildPhases = (
				9BD3FB8D2F4D4587007B2E95 /* Sources */,
				9BD3FB8E2F4D4587007B2E95 /* Frameworks */,
				9BD3FB8F2F4D4587007B2E95 /* Resources */,
			);
			buildRules = (
			);
			dependencies = (
				9BD3FB932F4D4587007B2E95 /* PBXTargetDependency */,
			);
			fileSystemSynchronizedGroups = (
				9BD3FB942F4D4587007B2E95 /* CurfewTests */,
			);
			name = CurfewTests;
			productName = CurfewTests;
			productReference = 9BD3FB912F4D4587007B2E95 /* CurfewTests.xctest */;
			productType = "com.apple.product-type.bundle.unit-test";
		};
		9BD3FB9A2F4D4587007B2E95 /* CurfewUITests */ = {
			isa = PBXNativeTarget;
			buildConfigurationList = 9BD3FBAB2F4D4587007B2E95 /* Build configuration list for PBXNativeTarget "CurfewUITests" */;
			buildPhases = (
				9BD3FB972F4D4587007B2E95 /* Sources */,
				9BD3FB982F4D4587007B2E95 /* Frameworks */,
				9BD3FB992F4D4587007B2E95 /* Resources */,
			);
			buildRules = (
			);
			dependencies = (
				9BD3FB9D2F4D4587007B2E95 /* PBXTargetDependency */,
			);
			fileSystemSynchronizedGroups = (
				9BD3FB9E2F4D4587007B2E95 /* CurfewUITests */,
			);
			name = CurfewUITests;
			productName = CurfewUITests;
			productReference = 9BD3FB9B2F4D4587007B2E95 /* CurfewUITests.xctest */;
			productType = "com.apple.product-type.bundle.ui-testing";
		};
		C0FE0000000000000000000C /* CurfewWidget */ = {
			isa = PBXNativeTarget;
			buildConfigurationList = C0FE00000000000000000013 /* Build configuration list for PBXNativeTarget "CurfewWidget" */;
			buildPhases = (
				C0FE0000000000000000000F /* Sources */,
				C0FE0000000000000000000B /* Frameworks */,
				C0FE0000000000000000000D /* Resources */,
			);
			buildRules = (
			);
			dependencies = (
			);
			fileSystemSynchronizedGroups = (
				C0FE00000000000000000007 /* Sources/CurfewKit/Domain */,
				C0FE00000000000000000008 /* Sources/CurfewKit/Storage */,
				C0FE00000000000000000009 /* Sources/CurfewKit/Settings */,
				1F56E9B021971B57F3DE957D /* CurfewWidget */,
			);
			name = CurfewWidget;
			productName = CurfewWidget;
			productReference = C0FE00000000000000000004 /* CurfewWidget.appex */;
			productType = "com.apple.product-type.app-extension";
		};
/* End PBXNativeTarget section */

/* Begin PBXProject section */
		9BD3FB7A2F4D4584007B2E95 /* Project object */ = {
			isa = PBXProject;
			attributes = {
				BuildIndependentTargetsInParallel = 1;
				LastSwiftUpdateCheck = 2620;
				LastUpgradeCheck = 2620;
				TargetAttributes = {
					9BD3FB812F4D4584007B2E95 = {
						CreatedOnToolsVersion = 26.2;
					};
					9BD3FB902F4D4587007B2E95 = {
						CreatedOnToolsVersion = 26.2;
						TestTargetID = 9BD3FB812F4D4584007B2E95;
					};
					9BD3FB9A2F4D4587007B2E95 = {
						CreatedOnToolsVersion = 26.2;
						TestTargetID = 9BD3FB812F4D4584007B2E95;
					};
					C0FE0000000000000000000C = {
						CreatedOnToolsVersion = 26.2;
					};
				};
			};
			buildConfigurationList = 9BD3FB7D2F4D4584007B2E95 /* Build configuration list for PBXProject "Curfew" */;
			developmentRegion = en;
			hasScannedForEncodings = 0;
			knownRegions = (
				en,
				Base,
			);
			mainGroup = 9BD3FB792F4D4584007B2E95;
			minimizedProjectReferenceProxies = 1;
			preferredProjectObjectVersion = 77;
			productRefGroup = 9BD3FB832F4D4584007B2E95 /* Products */;
			projectDirPath = "";
			projectRoot = "";
			targets = (
				9BD3FB812F4D4584007B2E95 /* Curfew */,
				C0FE0000000000000000000C /* CurfewWidget */,
				9BD3FB902F4D4587007B2E95 /* CurfewTests */,
				9BD3FB9A2F4D4587007B2E95 /* CurfewUITests */,
			);
		};
/* End PBXProject section */

/* Begin PBXResourcesBuildPhase section */
		9BD3FB802F4D4584007B2E95 /* Resources */ = {
			isa = PBXResourcesBuildPhase;
			buildActionMask = 2147483647;
			files = (
			);
			runOnlyForDeploymentPostprocessing = 0;
		};
		9BD3FB8F2F4D4587007B2E95 /* Resources */ = {
			isa = PBXResourcesBuildPhase;
			buildActionMask = 2147483647;
			files = (
			);
			runOnlyForDeploymentPostprocessing = 0;
		};
		9BD3FB992F4D4587007B2E95 /* Resources */ = {
			isa = PBXResourcesBuildPhase;
			buildActionMask = 2147483647;
			files = (
			);
			runOnlyForDeploymentPostprocessing = 0;
		};
		C0FE0000000000000000000D /* Resources */ = {
			isa = PBXResourcesBuildPhase;
			buildActionMask = 2147483647;
			files = (
			);
			runOnlyForDeploymentPostprocessing = 0;
		};
/* End PBXResourcesBuildPhase section */

/* Begin PBXShellScriptBuildPhase section */
		9BD3FBCC2F4D4584007B2E95 /* Bundle CLI Tools */ = {
			isa = PBXShellScriptBuildPhase;
			buildActionMask = 2147483647;
			files = (
			);
			inputFileListPaths = (
			);
			inputPaths = (
			);
			name = "Bundle CLI Tools";
			outputFileListPaths = (
			);
			outputPaths = (
				"$(BUILT_PRODUCTS_DIR)/$(CONTENTS_FOLDER_PATH)/Resources/curfew-ctl",
				"$(BUILT_PRODUCTS_DIR)/$(CONTENTS_FOLDER_PATH)/Resources/curfew-mcp",
				"$(BUILT_PRODUCTS_DIR)/$(CONTENTS_FOLDER_PATH)/Resources/curfew-daemon",
				"$(BUILT_PRODUCTS_DIR)/$(CONTENTS_FOLDER_PATH)/Library/LaunchDaemons/studio.hypertext.curfew.daemon.plist",
			);
			runOnlyForDeploymentPostprocessing = 0;
			shellPath = /bin/sh;
			shellScript = "set -e\ncd \"$SRCROOT\"\nmkdir -p \"$BUILT_PRODUCTS_DIR/$CONTENTS_FOLDER_PATH/Resources\"\nmkdir -p \"$BUILT_PRODUCTS_DIR/$CONTENTS_FOLDER_PATH/Library/LaunchDaemons\"\nswift build -c release --product curfew-ctl\nswift build -c release --product curfew-mcp\nswift build -c release --product curfew-daemon\ncp .build/release/curfew-ctl \"$BUILT_PRODUCTS_DIR/$CONTENTS_FOLDER_PATH/Resources/curfew-ctl\"\ncp .build/release/curfew-mcp \"$BUILT_PRODUCTS_DIR/$CONTENTS_FOLDER_PATH/Resources/curfew-mcp\"\ncp .build/release/curfew-daemon \"$BUILT_PRODUCTS_DIR/$CONTENTS_FOLDER_PATH/Resources/curfew-daemon\"\ncp Curfew/Resources/LaunchDaemons/studio.hypertext.curfew.daemon.plist \"$BUILT_PRODUCTS_DIR/$CONTENTS_FOLDER_PATH/Library/LaunchDaemons/studio.hypertext.curfew.daemon.plist\"\n";
		};
		C0FE0000000000000000ABCD /* Require Signed Build */ = {
			isa = PBXShellScriptBuildPhase;
			buildActionMask = 2147483647;
			files = (
			);
			inputFileListPaths = (
			);
			inputPaths = (
			);
			name = "Require Signed Build";
			outputFileListPaths = (
			);
			outputPaths = (
			);
			runOnlyForDeploymentPostprocessing = 0;
			shellPath = /bin/sh;
			shellScript = "if [[ \"$CODE_SIGN_IDENTITY\" == \"-\" ]] || [[ -z \"$CODE_SIGN_IDENTITY\" ]]; then\n    echo \"error: Curfew requires a real Apple Development certificate. Ad-hoc or unsigned builds cannot register with macOS TCC — set DEVELOPMENT_TEAM in project settings.\"\n    exit 1\nfi\n";
		};
/* End PBXShellScriptBuildPhase section */

/* Begin PBXSourcesBuildPhase section */
		9BD3FB7E2F4D4584007B2E95 /* Sources */ = {
			isa = PBXSourcesBuildPhase;
			buildActionMask = 2147483647;
			files = (
			);
			runOnlyForDeploymentPostprocessing = 0;
		};
		9BD3FB8D2F4D4587007B2E95 /* Sources */ = {
			isa = PBXSourcesBuildPhase;
			buildActionMask = 2147483647;
			files = (
			);
			runOnlyForDeploymentPostprocessing = 0;
		};
		9BD3FB972F4D4587007B2E95 /* Sources */ = {
			isa = PBXSourcesBuildPhase;
			buildActionMask = 2147483647;
			files = (
			);
			runOnlyForDeploymentPostprocessing = 0;
		};
		C0FE0000000000000000000F /* Sources */ = {
			isa = PBXSourcesBuildPhase;
			buildActionMask = 2147483647;
			files = (
				C0FE00000000000000000002 /* WidgetSharedStateStore.swift in Sources */,
			);
			runOnlyForDeploymentPostprocessing = 0;
		};
/* End PBXSourcesBuildPhase section */

/* Begin PBXTargetDependency section */
		9BD3FB932F4D4587007B2E95 /* PBXTargetDependency */ = {
			isa = PBXTargetDependency;
			target = 9BD3FB812F4D4584007B2E95 /* Curfew */;
			targetProxy = 9BD3FB922F4D4587007B2E95 /* PBXContainerItemProxy */;
		};
		9BD3FB9D2F4D4587007B2E95 /* PBXTargetDependency */ = {
			isa = PBXTargetDependency;
			target = 9BD3FB812F4D4584007B2E95 /* Curfew */;
			targetProxy = 9BD3FB9C2F4D4587007B2E95 /* PBXContainerItemProxy */;
		};
		C0FE00000000000000000010 /* PBXTargetDependency */ = {
			isa = PBXTargetDependency;
			target = C0FE0000000000000000000C /* CurfewWidget */;
			targetProxy = C0FE0000000000000000000E /* PBXContainerItemProxy */;
		};
/* End PBXTargetDependency section */

/* Begin XCBuildConfiguration section */
		9BD3FBA32F4D4587007B2E95 /* Debug */ = {
			isa = XCBuildConfiguration;
			buildSettings = {
				ALWAYS_SEARCH_USER_PATHS = NO;
				ASSETCATALOG_COMPILER_GENERATE_SWIFT_ASSET_SYMBOL_EXTENSIONS = YES;
				CLANG_ANALYZER_NONNULL = YES;
				CLANG_ANALYZER_NUMBER_OBJECT_CONVERSION = YES_AGGRESSIVE;
				CLANG_CXX_LANGUAGE_STANDARD = "gnu++20";
				CLANG_ENABLE_MODULES = YES;
				CLANG_ENABLE_OBJC_ARC = YES;
				CLANG_ENABLE_OBJC_WEAK = YES;
				CLANG_WARN_BLOCK_CAPTURE_AUTORELEASING = YES;
				CLANG_WARN_BOOL_CONVERSION = YES;
				CLANG_WARN_COMMA = YES;
				CLANG_WARN_CONSTANT_CONVERSION = YES;
				CLANG_WARN_DEPRECATED_OBJC_IMPLEMENTATIONS = YES;
				CLANG_WARN_DIRECT_OBJC_ISA_USAGE = YES_ERROR;
				CLANG_WARN_DOCUMENTATION_COMMENTS = YES;
				CLANG_WARN_EMPTY_BODY = YES;
				CLANG_WARN_ENUM_CONVERSION = YES;
				CLANG_WARN_INFINITE_RECURSION = YES;
				CLANG_WARN_INT_CONVERSION = YES;
				CLANG_WARN_NON_LITERAL_NULL_CONVERSION = YES;
				CLANG_WARN_OBJC_IMPLICIT_RETAIN_SELF = YES;
				CLANG_WARN_OBJC_LITERAL_CONVERSION = YES;
				CLANG_WARN_OBJC_ROOT_CLASS = YES_ERROR;
				CLANG_WARN_QUOTED_INCLUDE_IN_FRAMEWORK_HEADER = YES;
				CLANG_WARN_RANGE_LOOP_ANALYSIS = YES;
				CLANG_WARN_STRICT_PROTOTYPES = YES;
				CLANG_WARN_SUSPICIOUS_MOVE = YES;
				CLANG_WARN_UNGUARDED_AVAILABILITY = YES_AGGRESSIVE;
				CLANG_WARN_UNREACHABLE_CODE = YES;
				CLANG_WARN__DUPLICATE_METHOD_MATCH = YES;
				COPY_PHASE_STRIP = NO;
				DEBUG_INFORMATION_FORMAT = dwarf;
				ENABLE_STRICT_OBJC_MSGSEND = YES;
				ENABLE_TESTABILITY = YES;
				ENABLE_USER_SCRIPT_SANDBOXING = NO;
				GCC_C_LANGUAGE_STANDARD = gnu17;
				GCC_DYNAMIC_NO_PIC = NO;
				GCC_NO_COMMON_BLOCKS = YES;
				GCC_OPTIMIZATION_LEVEL = 0;
				GCC_PREPROCESSOR_DEFINITIONS = (
					"DEBUG=1",
					"$(inherited)",
				);
				GCC_WARN_64_TO_32_BIT_CONVERSION = YES;
				GCC_WARN_ABOUT_RETURN_TYPE = YES_ERROR;
				GCC_WARN_UNDECLARED_SELECTOR = YES;
				GCC_WARN_UNINITIALIZED_AUTOS = YES_AGGRESSIVE;
				GCC_WARN_UNUSED_FUNCTION = YES;
				GCC_WARN_UNUSED_VARIABLE = YES;
				LOCALIZATION_PREFERS_STRING_CATALOGS = YES;
				MACOSX_DEPLOYMENT_TARGET = 26.0;
				MTL_ENABLE_DEBUG_INFO = INCLUDE_SOURCE;
				MTL_FAST_MATH = YES;
				ONLY_ACTIVE_ARCH = YES;
				SDKROOT = macosx;
				SWIFT_ACTIVE_COMPILATION_CONDITIONS = "DEBUG $(inherited)";
				SWIFT_OPTIMIZATION_LEVEL = "-Onone";
			};
			name = Debug;
		};
		9BD3FBA42F4D4587007B2E95 /* Release */ = {
			isa = XCBuildConfiguration;
			buildSettings = {
				ALWAYS_SEARCH_USER_PATHS = NO;
				ASSETCATALOG_COMPILER_GENERATE_SWIFT_ASSET_SYMBOL_EXTENSIONS = YES;
				CLANG_ANALYZER_NONNULL = YES;
				CLANG_ANALYZER_NUMBER_OBJECT_CONVERSION = YES_AGGRESSIVE;
				CLANG_CXX_LANGUAGE_STANDARD = "gnu++20";
				CLANG_ENABLE_MODULES = YES;
				CLANG_ENABLE_OBJC_ARC = YES;
				CLANG_ENABLE_OBJC_WEAK = YES;
				CLANG_WARN_BLOCK_CAPTURE_AUTORELEASING = YES;
				CLANG_WARN_BOOL_CONVERSION = YES;
				CLANG_WARN_COMMA = YES;
				CLANG_WARN_CONSTANT_CONVERSION = YES;
				CLANG_WARN_DEPRECATED_OBJC_IMPLEMENTATIONS = YES;
				CLANG_WARN_DIRECT_OBJC_ISA_USAGE = YES_ERROR;
				CLANG_WARN_DOCUMENTATION_COMMENTS = YES;
				CLANG_WARN_EMPTY_BODY = YES;
				CLANG_WARN_ENUM_CONVERSION = YES;
				CLANG_WARN_INFINITE_RECURSION = YES;
				CLANG_WARN_INT_CONVERSION = YES;
				CLANG_WARN_NON_LITERAL_NULL_CONVERSION = YES;
				CLANG_WARN_OBJC_IMPLICIT_RETAIN_SELF = YES;
				CLANG_WARN_OBJC_LITERAL_CONVERSION = YES;
				CLANG_WARN_OBJC_ROOT_CLASS = YES_ERROR;
				CLANG_WARN_QUOTED_INCLUDE_IN_FRAMEWORK_HEADER = YES;
				CLANG_WARN_RANGE_LOOP_ANALYSIS = YES;
				CLANG_WARN_STRICT_PROTOTYPES = YES;
				CLANG_WARN_SUSPICIOUS_MOVE = YES;
				CLANG_WARN_UNGUARDED_AVAILABILITY = YES_AGGRESSIVE;
				CLANG_WARN_UNREACHABLE_CODE = YES;
				CLANG_WARN__DUPLICATE_METHOD_MATCH = YES;
				COPY_PHASE_STRIP = NO;
				DEBUG_INFORMATION_FORMAT = "dwarf-with-dsym";
				ENABLE_NS_ASSERTIONS = NO;
				ENABLE_STRICT_OBJC_MSGSEND = YES;
				ENABLE_USER_SCRIPT_SANDBOXING = NO;
				GCC_C_LANGUAGE_STANDARD = gnu17;
				GCC_NO_COMMON_BLOCKS = YES;
				GCC_WARN_64_TO_32_BIT_CONVERSION = YES;
				GCC_WARN_ABOUT_RETURN_TYPE = YES_ERROR;
				GCC_WARN_UNDECLARED_SELECTOR = YES;
				GCC_WARN_UNINITIALIZED_AUTOS = YES_AGGRESSIVE;
				GCC_WARN_UNUSED_FUNCTION = YES;
				GCC_WARN_UNUSED_VARIABLE = YES;
				LOCALIZATION_PREFERS_STRING_CATALOGS = YES;
				MACOSX_DEPLOYMENT_TARGET = 26.0;
				MTL_ENABLE_DEBUG_INFO = NO;
				MTL_FAST_MATH = YES;
				SDKROOT = macosx;
				SWIFT_COMPILATION_MODE = wholemodule;
			};
			name = Release;
		};
		9BD3FBA62F4D4587007B2E95 /* Debug */ = {
			isa = XCBuildConfiguration;
			buildSettings = {
				ASSETCATALOG_COMPILER_APPICON_NAME = AppIcon;
				ASSETCATALOG_COMPILER_GLOBAL_ACCENT_COLOR_NAME = AccentColor;
				CODE_SIGN_ENTITLEMENTS = Curfew/Curfew.entitlements;
				CODE_SIGN_STYLE = Automatic;
				DEVELOPMENT_TEAM = 39AB9DY3K8;
				COMBINE_HIDPI_IMAGES = YES;
				CURRENT_PROJECT_VERSION = 1;
				ENABLE_APP_SANDBOX = NO;
				ENABLE_HARDENED_RUNTIME = YES;
				ENABLE_PREVIEWS = YES;
				ENABLE_USER_SELECTED_FILES = readonly;
				GENERATE_INFOPLIST_FILE = YES;
				INFOPLIST_KEY_LSUIElement = NO;
				INFOPLIST_KEY_NSAppleEventsUsageDescription = "Curfew uses System Events to shut down your Mac after lockout when you turn on auto shutdown.";
				INFOPLIST_KEY_NSAccessibilityUsageDescription = "Curfew uses Accessibility to intercept keyboard shortcuts during lockout so you can't bypass your own curfew.";
				INFOPLIST_KEY_NSCalendarsFullAccessUsageDescription = "Curfew reads today's calendar events to show meetings on the lockout screen and warn you before a meeting collides with curfew. Curfew never edits your calendar.";
				INFOPLIST_KEY_NSCalendarsUsageDescription = "Curfew reads today's calendar events to show meetings on the lockout screen and warn you before a meeting collides with curfew. Curfew never edits your calendar.";
				INFOPLIST_KEY_NSHumanReadableCopyright = "© 2026 Hypertext Studio. All rights reserved.";
				INFOPLIST_KEY_SUFeedURL = "https://curfew.hypertext.studio/appcast.xml";
				INFOPLIST_KEY_SUPublicEDKey = REPLACE_WITH_SPARKLE_PUBLIC_ED_KEY;
				LD_RUNPATH_SEARCH_PATHS = (
					"$(inherited)",
					"@executable_path/../Frameworks",
				);
				MARKETING_VERSION = 1.0.0;
				PRODUCT_BUNDLE_IDENTIFIER = studio.hypertext.curfew;
				PRODUCT_NAME = "$(TARGET_NAME)";
				REGISTER_APP_GROUPS = YES;
				STRING_CATALOG_GENERATE_SYMBOLS = YES;
				SWIFT_APPROACHABLE_CONCURRENCY = YES;
				SWIFT_DEFAULT_ACTOR_ISOLATION = MainActor;
				SWIFT_EMIT_LOC_STRINGS = YES;
				SWIFT_UPCOMING_FEATURE_MEMBER_IMPORT_VISIBILITY = YES;
				SWIFT_VERSION = 5.0;
			};
			name = Debug;
		};
		9BD3FBA72F4D4587007B2E95 /* Release */ = {
			isa = XCBuildConfiguration;
			buildSettings = {
				ASSETCATALOG_COMPILER_APPICON_NAME = AppIcon;
				ASSETCATALOG_COMPILER_GLOBAL_ACCENT_COLOR_NAME = AccentColor;
				CODE_SIGN_ENTITLEMENTS = "Curfew/Curfew-Release.entitlements";
				CODE_SIGN_STYLE = Automatic;
				DEVELOPMENT_TEAM = 39AB9DY3K8;
				COMBINE_HIDPI_IMAGES = YES;
				CURRENT_PROJECT_VERSION = 1;
				ENABLE_APP_SANDBOX = NO;
				ENABLE_HARDENED_RUNTIME = YES;
				ENABLE_PREVIEWS = YES;
				ENABLE_USER_SELECTED_FILES = readonly;
				GENERATE_INFOPLIST_FILE = YES;
				INFOPLIST_KEY_LSUIElement = NO;
				INFOPLIST_KEY_NSAppleEventsUsageDescription = "Curfew uses System Events to shut down your Mac after lockout when you turn on auto shutdown.";
				INFOPLIST_KEY_NSAccessibilityUsageDescription = "Curfew uses Accessibility to intercept keyboard shortcuts during lockout so you can't bypass your own curfew.";
				INFOPLIST_KEY_NSCalendarsFullAccessUsageDescription = "Curfew reads today's calendar events to show meetings on the lockout screen and warn you before a meeting collides with curfew. Curfew never edits your calendar.";
				INFOPLIST_KEY_NSCalendarsUsageDescription = "Curfew reads today's calendar events to show meetings on the lockout screen and warn you before a meeting collides with curfew. Curfew never edits your calendar.";
				INFOPLIST_KEY_NSHumanReadableCopyright = "© 2026 Hypertext Studio. All rights reserved.";
				INFOPLIST_KEY_SUFeedURL = "https://curfew.hypertext.studio/appcast.xml";
				INFOPLIST_KEY_SUPublicEDKey = REPLACE_WITH_SPARKLE_PUBLIC_ED_KEY;
				LD_RUNPATH_SEARCH_PATHS = (
					"$(inherited)",
					"@executable_path/../Frameworks",
				);
				MARKETING_VERSION = 1.0.0;
				PRODUCT_BUNDLE_IDENTIFIER = studio.hypertext.curfew;
				PRODUCT_NAME = "$(TARGET_NAME)";
				REGISTER_APP_GROUPS = YES;
				STRING_CATALOG_GENERATE_SYMBOLS = YES;
				SWIFT_ACTIVE_COMPILATION_CONDITIONS = "RELEASE_FEATURES $(inherited)";
				SWIFT_APPROACHABLE_CONCURRENCY = YES;
				SWIFT_DEFAULT_ACTOR_ISOLATION = MainActor;
				SWIFT_EMIT_LOC_STRINGS = YES;
				SWIFT_UPCOMING_FEATURE_MEMBER_IMPORT_VISIBILITY = YES;
				SWIFT_VERSION = 5.0;
			};
			name = Release;
		};
		9BD3FBA92F4D4587007B2E95 /* Debug */ = {
			isa = XCBuildConfiguration;
			buildSettings = {
				BUNDLE_LOADER = "$(TEST_HOST)";
				CODE_SIGN_STYLE = Automatic;
				CURRENT_PROJECT_VERSION = 1;
				GENERATE_INFOPLIST_FILE = YES;
				MACOSX_DEPLOYMENT_TARGET = 26.0;
				MARKETING_VERSION = 1.0.0;
				PRODUCT_BUNDLE_IDENTIFIER = studio.hypertext.curfew.tests;
				PRODUCT_NAME = "$(TARGET_NAME)";
				STRING_CATALOG_GENERATE_SYMBOLS = NO;
				SWIFT_APPROACHABLE_CONCURRENCY = YES;
				SWIFT_EMIT_LOC_STRINGS = NO;
				SWIFT_UPCOMING_FEATURE_MEMBER_IMPORT_VISIBILITY = YES;
				SWIFT_VERSION = 5.0;
				TEST_HOST = "$(BUILT_PRODUCTS_DIR)/Curfew.app/$(BUNDLE_EXECUTABLE_FOLDER_PATH)/Curfew";
			};
			name = Debug;
		};
		9BD3FBAA2F4D4587007B2E95 /* Release */ = {
			isa = XCBuildConfiguration;
			buildSettings = {
				BUNDLE_LOADER = "$(TEST_HOST)";
				CODE_SIGN_STYLE = Automatic;
				CURRENT_PROJECT_VERSION = 1;
				GENERATE_INFOPLIST_FILE = YES;
				MACOSX_DEPLOYMENT_TARGET = 26.0;
				MARKETING_VERSION = 1.0.0;
				PRODUCT_BUNDLE_IDENTIFIER = studio.hypertext.curfew.tests;
				PRODUCT_NAME = "$(TARGET_NAME)";
				STRING_CATALOG_GENERATE_SYMBOLS = NO;
				SWIFT_APPROACHABLE_CONCURRENCY = YES;
				SWIFT_EMIT_LOC_STRINGS = NO;
				SWIFT_UPCOMING_FEATURE_MEMBER_IMPORT_VISIBILITY = YES;
				SWIFT_VERSION = 5.0;
				TEST_HOST = "$(BUILT_PRODUCTS_DIR)/Curfew.app/$(BUNDLE_EXECUTABLE_FOLDER_PATH)/Curfew";
			};
			name = Release;
		};
		9BD3FBAC2F4D4587007B2E95 /* Debug */ = {
			isa = XCBuildConfiguration;
			buildSettings = {
				CODE_SIGN_STYLE = Automatic;
				CURRENT_PROJECT_VERSION = 1;
				GENERATE_INFOPLIST_FILE = YES;
				MARKETING_VERSION = 1.0.0;
				PRODUCT_BUNDLE_IDENTIFIER = studio.hypertext.curfew.uitests;
				PRODUCT_NAME = "$(TARGET_NAME)";
				STRING_CATALOG_GENERATE_SYMBOLS = NO;
				SWIFT_APPROACHABLE_CONCURRENCY = YES;
				SWIFT_EMIT_LOC_STRINGS = NO;
				SWIFT_UPCOMING_FEATURE_MEMBER_IMPORT_VISIBILITY = YES;
				SWIFT_VERSION = 5.0;
				TEST_TARGET_NAME = Curfew;
			};
			name = Debug;
		};
		9BD3FBAD2F4D4587007B2E95 /* Release */ = {
			isa = XCBuildConfiguration;
			buildSettings = {
				CODE_SIGN_STYLE = Automatic;
				CURRENT_PROJECT_VERSION = 1;
				GENERATE_INFOPLIST_FILE = YES;
				MARKETING_VERSION = 1.0.0;
				PRODUCT_BUNDLE_IDENTIFIER = studio.hypertext.curfew.uitests;
				PRODUCT_NAME = "$(TARGET_NAME)";
				STRING_CATALOG_GENERATE_SYMBOLS = NO;
				SWIFT_APPROACHABLE_CONCURRENCY = YES;
				SWIFT_EMIT_LOC_STRINGS = NO;
				SWIFT_UPCOMING_FEATURE_MEMBER_IMPORT_VISIBILITY = YES;
				SWIFT_VERSION = 5.0;
				TEST_TARGET_NAME = Curfew;
			};
			name = Release;
		};
		C0FE00000000000000000011 /* Debug */ = {
			isa = XCBuildConfiguration;
			buildSettings = {
				APPLICATION_EXTENSION_API_ONLY = YES;
				CODE_SIGN_ENTITLEMENTS = CurfewWidget/CurfewWidget-Debug.entitlements;
				CODE_SIGN_STYLE = Automatic;
				DEVELOPMENT_TEAM = 39AB9DY3K8;
				CURRENT_PROJECT_VERSION = 1;
				ENABLE_APP_SANDBOX = YES;
				GENERATE_INFOPLIST_FILE = NO;
				INFOPLIST_FILE = CurfewWidget/Info.plist;
				LD_RUNPATH_SEARCH_PATHS = (
					"$(inherited)",
					"@executable_path/../../Frameworks",
					"@executable_path/Frameworks",
				);
				MACOSX_DEPLOYMENT_TARGET = 26.0;
				MARKETING_VERSION = 1.0.0;
				PRODUCT_BUNDLE_IDENTIFIER = studio.hypertext.curfew.widget;
				PRODUCT_NAME = "$(TARGET_NAME)";
				REGISTER_APP_GROUPS = YES;
				SKIP_INSTALL = YES;
				STRING_CATALOG_GENERATE_SYMBOLS = YES;
				SWIFT_APPROACHABLE_CONCURRENCY = YES;
				SWIFT_EMIT_LOC_STRINGS = YES;
				SWIFT_UPCOMING_FEATURE_MEMBER_IMPORT_VISIBILITY = YES;
				SWIFT_VERSION = 5.0;
			};
			name = Debug;
		};
		C0FE00000000000000000012 /* Release */ = {
			isa = XCBuildConfiguration;
			buildSettings = {
				APPLICATION_EXTENSION_API_ONLY = YES;
				CODE_SIGN_ENTITLEMENTS = CurfewWidget/CurfewWidget.entitlements;
				CODE_SIGN_STYLE = Automatic;
				DEVELOPMENT_TEAM = 39AB9DY3K8;
				CURRENT_PROJECT_VERSION = 1;
				ENABLE_APP_SANDBOX = YES;
				GENERATE_INFOPLIST_FILE = NO;
				INFOPLIST_FILE = CurfewWidget/Info.plist;
				LD_RUNPATH_SEARCH_PATHS = (
					"$(inherited)",
					"@executable_path/../../Frameworks",
					"@executable_path/Frameworks",
				);
				MACOSX_DEPLOYMENT_TARGET = 26.0;
				MARKETING_VERSION = 1.0.0;
				PRODUCT_BUNDLE_IDENTIFIER = studio.hypertext.curfew.widget;
				PRODUCT_NAME = "$(TARGET_NAME)";
				REGISTER_APP_GROUPS = YES;
				SKIP_INSTALL = YES;
				STRING_CATALOG_GENERATE_SYMBOLS = YES;
				SWIFT_APPROACHABLE_CONCURRENCY = YES;
				SWIFT_EMIT_LOC_STRINGS = YES;
				SWIFT_UPCOMING_FEATURE_MEMBER_IMPORT_VISIBILITY = YES;
				SWIFT_VERSION = 5.0;
			};
			name = Release;
		};
/* End XCBuildConfiguration section */

/* Begin XCConfigurationList section */
		9BD3FB7D2F4D4584007B2E95 /* Build configuration list for PBXProject "Curfew" */ = {
			isa = XCConfigurationList;
			buildConfigurations = (
				9BD3FBA32F4D4587007B2E95 /* Debug */,
				9BD3FBA42F4D4587007B2E95 /* Release */,
			);
			defaultConfigurationIsVisible = 0;
			defaultConfigurationName = Release;
		};
		9BD3FBA52F4D4587007B2E95 /* Build configuration list for PBXNativeTarget "Curfew" */ = {
			isa = XCConfigurationList;
			buildConfigurations = (
				9BD3FBA62F4D4587007B2E95 /* Debug */,
				9BD3FBA72F4D4587007B2E95 /* Release */,
			);
			defaultConfigurationIsVisible = 0;
			defaultConfigurationName = Release;
		};
		9BD3FBA82F4D4587007B2E95 /* Build configuration list for PBXNativeTarget "CurfewTests" */ = {
			isa = XCConfigurationList;
			buildConfigurations = (
				9BD3FBA92F4D4587007B2E95 /* Debug */,
				9BD3FBAA2F4D4587007B2E95 /* Release */,
			);
			defaultConfigurationIsVisible = 0;
			defaultConfigurationName = Release;
		};
		9BD3FBAB2F4D4587007B2E95 /* Build configuration list for PBXNativeTarget "CurfewUITests" */ = {
			isa = XCConfigurationList;
			buildConfigurations = (
				9BD3FBAC2F4D4587007B2E95 /* Debug */,
				9BD3FBAD2F4D4587007B2E95 /* Release */,
			);
			defaultConfigurationIsVisible = 0;
			defaultConfigurationName = Release;
		};
		C0FE00000000000000000013 /* Build configuration list for PBXNativeTarget "CurfewWidget" */ = {
			isa = XCConfigurationList;
			buildConfigurations = (
				C0FE00000000000000000011 /* Debug */,
				C0FE00000000000000000012 /* Release */,
			);
			defaultConfigurationIsVisible = 0;
			defaultConfigurationName = Release;
		};
/* End XCConfigurationList section */
	};
	rootObject = 9BD3FB7A2F4D4584007B2E95 /* Project object */;
}
